
Microsoft Visual Studio Solution File, Format Version 12.00
# Visual Studio Version 17
VisualStudioVersion = 17.4.33213.308
MinimumVisualStudioVersion = 10.0.40219.1
Project("{FAE04EC0-301F-11D3-BF4B-00C04F79EFBC}") = "FileNameConverter", "FileName\FileNameConverter.csproj", "{2E1BD1AE-3BDF-4ECF-B924-377328607E8B}"
EndProject
Global
	GlobalSection(SolutionConfigurationPlatforms) = preSolution
		Debug|Any CPU = Debug|Any CPU
		Release|Any CPU = Release|Any CPU
	EndGlobalSection
	GlobalSection(ProjectConfigurationPlatforms) = postSolution
		{2E1BD1AE-3BDF-4ECF-B924-377328607E8B}.Debug|Any CPU.ActiveCfg = Debug|Any CPU
		{2E1BD1AE-3BDF-4ECF-B924-377328607E8B}.Debug|Any CPU.Build.0 = Debug|Any CPU
		{2E1BD1AE-3BDF-4ECF-B924-377328607E8B}.Release|Any CPU.ActiveCfg = Release|Any CPU
		{2E1BD1AE-3BDF-4ECF-B924-377328607E8B}.Release|Any CPU.Build.0 = Release|Any CPU
	EndGlobalSection
	GlobalSection(SolutionProperties) = preSolution
		HideSolutionNode = FALSE
	EndGlobalSection
	GlobalSection(ExtensibilityGlobals) = postSolution
		SolutionGuid = {1634E945-3DD2-48E0-9536-DEEAD1DE665F}
	EndGlobalSection
EndGlobal
